# THIS IS AN AUTOGENERATED FILE. DO NOT EDIT THIS FILE DIRECTLY.
# yarn lockfile v1


recoil@^0.0.7:
  version "0.0.7"
  resolved "https://registry.yarnpkg.com/recoil/-/recoil-0.0.7.tgz#197066ac0a983e4728f5973033bbe5b40a277d40"
  integrity sha512-U/0kniHLk131hKhAX35QGdghVf3+PSkLcFIFoNBNy+yv62qCLm3TE5c3v4x4WYzuKgw1fxU3GGhKHAUYdyRnTQ==
